Microsoft Visual Studio Solution File, Format Version 12.00
# Visual Studio 2013
VisualStudioVersion = 12.0.21005.1
MinimumVisualStudioVersion = 10.0.40219.1
Project("{2150E333-8FDC-42A3-9474-1A3956D46DE8}") = "Logic", "Logic", "{D1260C6D-5177-4671-BE46-3231E55A40BF}"
EndProject
Project("{2150E333-8FDC-42A3-9474-1A3956D46DE8}") = "Desktop", "Desktop", "{8EA6E04A-55FB-4716-BEFB-B3F6503D41DA}"
EndProject
Project("{2150E333-8FDC-42A3-9474-1A3956D46DE8}") = "Web", "Web", "{56CA5853-F603-4BE0-8AAC-7FA3E2DA4C2C}"
EndProject
Project("{2150E333-8FDC-42A3-9474-1A3956D46DE8}") = "Mobile", "Mobile", "{E3A37ED6-2BD0-4BB5-A73D-EBA209183B64}"
EndProject
Project("{FAE04EC0-301F-11D3-BF4B-00C04F79EFBC}") = "DataAccessLayer", "DataAccessLayer\DataAccessLayer.csproj", "{22F40D84-9617-41CD-BBFB-FC5419A7BEBB}"
EndProject
Project("{FAE04EC0-301F-11D3-BF4B-00C04F79EFBC}") = "BusinessLogicLayer", "BusinessLogicLayer\BusinessLogicLayer.csproj", "{D0CB5460-1B83-4CC8-9A64-AE6BF04288FC}"
EndProject
Project("{2150E333-8FDC-42A3-9474-1A3956D46DE8}") = "Test", "Test", "{6D2D2966-8148-424F-8D25-6F2139205D4A}"
EndProject
Project("{FAE04EC0-301F-11D3-BF4B-00C04F79EFBC}") = "CommonWeb", "CommonWeb\CommonWeb.csproj", "{5526280C-7ED8-4734-B2F1-9F4B78A79964}"
EndProject
Project("{FAE04EC0-301F-11D3-BF4B-00C04F79EFBC}") = "Administrator", "Administrator\Administrator.csproj", "{1DE4052A-7E45-410F-8C68-A656F69535D7}"
EndProject
Project("{FAE04EC0-301F-11D3-BF4B-00C04F79EFBC}") = "NatiqFrontEnd", "NatiqFrontEnd\NatiqFrontEnd.csproj", "{4DB5E5BA-DA29-47F6-8F3F-9BA3D381ECE5}"
EndProject
Project("{FAE04EC0-301F-11D3-BF4B-00C04F79EFBC}") = "ReportBuilderProject", "ReportBuilderProject\ReportBuilderProject.csproj", "{0DEE7C65-5196-4B21-806F-BEBDC19D5F49}"
EndProject
Project("{FAE04EC0-301F-11D3-BF4B-00C04F79EFBC}") = "ManatiqFrontEnd", "ManatiqFrontEnd\ManatiqFrontEnd.csproj", "{C8C92839-1E6A-4ABA-8AAB-784EBED042AB}"
EndProject
Project("{FAE04EC0-301F-11D3-BF4B-00C04F79EFBC}") = "Portal", "Portal\Portal.csproj", "{7F738E15-C76D-4241-9FA6-ADAD2A13E9B9}"
EndProject
Project("{FAE04EC0-301F-11D3-BF4B-00C04F79EFBC}") = "TestApplication", "TestApplication\TestApplication.csproj", "{31DA83D7-AEF3-4A9C-B4E3-9268301E44EE}"
EndProject
Project("{FAE04EC0-301F-11D3-BF4B-00C04F79EFBC}") = "PAMS", "PAMS\PAMS.csproj", "{46C3DDE9-E32B-41ED-BB91-280F6D1BBF5B}"
EndProject
Project("{2150E333-8FDC-42A3-9474-1A3956D46DE8}") = "Libraries", "Libraries", "{104D4476-86F8-45DE-B38F-9D1997557819}"
EndProject
Project("{FAE04EC0-301F-11D3-BF4B-00C04F79EFBC}") = "Analytics", "Analytics\Analytics.csproj", "{259D727A-DD41-4B21-84B8-13B1A67786EB}"
EndProject
Project("{FAE04EC0-301F-11D3-BF4B-00C04F79EFBC}") = "Manateq", "Manateq\Manateq.csproj", "{DDEDA6C1-61E2-41BF-A627-C033566CCEB5}"
EndProject
Project("{FAE04EC0-301F-11D3-BF4B-00C04F79EFBC}") = "WebApplication1", "WebApplication1\WebApplication1.csproj", "{A8112592-4FB6-42E0-950C-8A4B1AA03C01}"
EndProject
Project("{2150E333-8FDC-42A3-9474-1A3956D46DE8}") = "Database", "Database", "{DEA8A0B3-C9C8-4503-B736-04C7057B4B33}"
EndProject
Project("{00D1A9C2-B5F0-4AF3-8072-F6C62B433612}") = "NatiqDB", "NatiqDB\NatiqDB.sqlproj", "{ADA0FAA9-D7AD-4685-A331-D207534F3994}"
EndProject
Global
	GlobalSection(SolutionConfigurationPlatforms) = preSolution
		Debug|Any CPU = Debug|Any CPU
		Release|Any CPU = Release|Any CPU
	EndGlobalSection
	GlobalSection(ProjectConfigurationPlatforms) = postSolution
		{22F40D84-9617-41CD-BBFB-FC5419A7BEBB}.Debug|Any CPU.ActiveCfg = Debug|Any CPU
		{22F40D84-9617-41CD-BBFB-FC5419A7BEBB}.Debug|Any CPU.Build.0 = Debug|Any CPU
		{22F40D84-9617-41CD-BBFB-FC5419A7BEBB}.Release|Any CPU.ActiveCfg = Release|Any CPU
		{22F40D84-9617-41CD-BBFB-FC5419A7BEBB}.Release|Any CPU.Build.0 = Release|Any CPU
		{D0CB5460-1B83-4CC8-9A64-AE6BF04288FC}.Debug|Any CPU.ActiveCfg = Debug|Any CPU
		{D0CB5460-1B83-4CC8-9A64-AE6BF04288FC}.Debug|Any CPU.Build.0 = Debug|Any CPU
		{D0CB5460-1B83-4CC8-9A64-AE6BF04288FC}.Release|Any CPU.ActiveCfg = Release|Any CPU
		{D0CB5460-1B83-4CC8-9A64-AE6BF04288FC}.Release|Any CPU.Build.0 = Release|Any CPU
		{5526280C-7ED8-4734-B2F1-9F4B78A79964}.Debug|Any CPU.ActiveCfg = Debug|Any CPU
		{5526280C-7ED8-4734-B2F1-9F4B78A79964}.Debug|Any CPU.Build.0 = Debug|Any CPU
		{5526280C-7ED8-4734-B2F1-9F4B78A79964}.Release|Any CPU.ActiveCfg = Release|Any CPU
		{5526280C-7ED8-4734-B2F1-9F4B78A79964}.Release|Any CPU.Build.0 = Release|Any CPU
		{1DE4052A-7E45-410F-8C68-A656F69535D7}.Debug|Any CPU.ActiveCfg = Debug|Any CPU
		{1DE4052A-7E45-410F-8C68-A656F69535D7}.Debug|Any CPU.Build.0 = Debug|Any CPU
		{1DE4052A-7E45-410F-8C68-A656F69535D7}.Release|Any CPU.ActiveCfg = Release|Any CPU
		{1DE4052A-7E45-410F-8C68-A656F69535D7}.Release|Any CPU.Build.0 = Release|Any CPU
		{4DB5E5BA-DA29-47F6-8F3F-9BA3D381ECE5}.Debug|Any CPU.ActiveCfg = Debug|Any CPU
		{4DB5E5BA-DA29-47F6-8F3F-9BA3D381ECE5}.Debug|Any CPU.Build.0 = Debug|Any CPU
		{4DB5E5BA-DA29-47F6-8F3F-9BA3D381ECE5}.Release|Any CPU.ActiveCfg = Release|Any CPU
		{4DB5E5BA-DA29-47F6-8F3F-9BA3D381ECE5}.Release|Any CPU.Build.0 = Release|Any CPU
		{0DEE7C65-5196-4B21-806F-BEBDC19D5F49}.Debug|Any CPU.ActiveCfg = Debug|Any CPU
		{0DEE7C65-5196-4B21-806F-BEBDC19D5F49}.Debug|Any CPU.Build.0 = Debug|Any CPU
		{0DEE7C65-5196-4B21-806F-BEBDC19D5F49}.Release|Any CPU.ActiveCfg = Release|Any CPU
		{0DEE7C65-5196-4B21-806F-BEBDC19D5F49}.Release|Any CPU.Build.0 = Release|Any CPU
		{C8C92839-1E6A-4ABA-8AAB-784EBED042AB}.Debug|Any CPU.ActiveCfg = Debug|Any CPU
		{C8C92839-1E6A-4ABA-8AAB-784EBED042AB}.Debug|Any CPU.Build.0 = Debug|Any CPU
		{C8C92839-1E6A-4ABA-8AAB-784EBED042AB}.Release|Any CPU.ActiveCfg = Release|Any CPU
		{C8C92839-1E6A-4ABA-8AAB-784EBED042AB}.Release|Any CPU.Build.0 = Release|Any CPU
		{7F738E15-C76D-4241-9FA6-ADAD2A13E9B9}.Debug|Any CPU.ActiveCfg = Debug|Any CPU
		{7F738E15-C76D-4241-9FA6-ADAD2A13E9B9}.Debug|Any CPU.Build.0 = Debug|Any CPU
		{7F738E15-C76D-4241-9FA6-ADAD2A13E9B9}.Release|Any CPU.ActiveCfg = Release|Any CPU
		{7F738E15-C76D-4241-9FA6-ADAD2A13E9B9}.Release|Any CPU.Build.0 = Release|Any CPU
		{31DA83D7-AEF3-4A9C-B4E3-9268301E44EE}.Debug|Any CPU.ActiveCfg = Debug|Any CPU
		{31DA83D7-AEF3-4A9C-B4E3-9268301E44EE}.Debug|Any CPU.Build.0 = Debug|Any CPU
		{31DA83D7-AEF3-4A9C-B4E3-9268301E44EE}.Release|Any CPU.ActiveCfg = Release|Any CPU
		{31DA83D7-AEF3-4A9C-B4E3-9268301E44EE}.Release|Any CPU.Build.0 = Release|Any CPU
		{46C3DDE9-E32B-41ED-BB91-280F6D1BBF5B}.Debug|Any CPU.ActiveCfg = Debug|Any CPU
		{46C3DDE9-E32B-41ED-BB91-280F6D1BBF5B}.Debug|Any CPU.Build.0 = Debug|Any CPU
		{46C3DDE9-E32B-41ED-BB91-280F6D1BBF5B}.Release|Any CPU.ActiveCfg = Release|Any CPU
		{46C3DDE9-E32B-41ED-BB91-280F6D1BBF5B}.Release|Any CPU.Build.0 = Release|Any CPU
		{259D727A-DD41-4B21-84B8-13B1A67786EB}.Debug|Any CPU.ActiveCfg = Debug|Any CPU
		{259D727A-DD41-4B21-84B8-13B1A67786EB}.Debug|Any CPU.Build.0 = Debug|Any CPU
		{259D727A-DD41-4B21-84B8-13B1A67786EB}.Release|Any CPU.ActiveCfg = Release|Any CPU
		{259D727A-DD41-4B21-84B8-13B1A67786EB}.Release|Any CPU.Build.0 = Release|Any CPU
		{DDEDA6C1-61E2-41BF-A627-C033566CCEB5}.Debug|Any CPU.ActiveCfg = Debug|Any CPU
		{DDEDA6C1-61E2-41BF-A627-C033566CCEB5}.Debug|Any CPU.Build.0 = Debug|Any CPU
		{DDEDA6C1-61E2-41BF-A627-C033566CCEB5}.Release|Any CPU.ActiveCfg = Release|Any CPU
		{DDEDA6C1-61E2-41BF-A627-C033566CCEB5}.Release|Any CPU.Build.0 = Release|Any CPU
		{A8112592-4FB6-42E0-950C-8A4B1AA03C01}.Debug|Any CPU.ActiveCfg = Debug|Any CPU
		{A8112592-4FB6-42E0-950C-8A4B1AA03C01}.Debug|Any CPU.Build.0 = Debug|Any CPU
		{A8112592-4FB6-42E0-950C-8A4B1AA03C01}.Release|Any CPU.ActiveCfg = Release|Any CPU
		{A8112592-4FB6-42E0-950C-8A4B1AA03C01}.Release|Any CPU.Build.0 = Release|Any CPU
		{ADA0FAA9-D7AD-4685-A331-D207534F3994}.Debug|Any CPU.ActiveCfg = Debug|Any CPU
		{ADA0FAA9-D7AD-4685-A331-D207534F3994}.Debug|Any CPU.Build.0 = Debug|Any CPU
		{ADA0FAA9-D7AD-4685-A331-D207534F3994}.Debug|Any CPU.Deploy.0 = Debug|Any CPU
		{ADA0FAA9-D7AD-4685-A331-D207534F3994}.Release|Any CPU.ActiveCfg = Release|Any CPU
		{ADA0FAA9-D7AD-4685-A331-D207534F3994}.Release|Any CPU.Build.0 = Release|Any CPU
		{ADA0FAA9-D7AD-4685-A331-D207534F3994}.Release|Any CPU.Deploy.0 = Release|Any CPU
	EndGlobalSection
	GlobalSection(SolutionProperties) = preSolution
		HideSolutionNode = FALSE
	EndGlobalSection
	GlobalSection(NestedProjects) = preSolution
		{22F40D84-9617-41CD-BBFB-FC5419A7BEBB} = {D1260C6D-5177-4671-BE46-3231E55A40BF}
		{D0CB5460-1B83-4CC8-9A64-AE6BF04288FC} = {D1260C6D-5177-4671-BE46-3231E55A40BF}
		{5526280C-7ED8-4734-B2F1-9F4B78A79964} = {D1260C6D-5177-4671-BE46-3231E55A40BF}
		{0DEE7C65-5196-4B21-806F-BEBDC19D5F49} = {8EA6E04A-55FB-4716-BEFB-B3F6503D41DA}
		{1DE4052A-7E45-410F-8C68-A656F69535D7} = {56CA5853-F603-4BE0-8AAC-7FA3E2DA4C2C}
		{4DB5E5BA-DA29-47F6-8F3F-9BA3D381ECE5} = {56CA5853-F603-4BE0-8AAC-7FA3E2DA4C2C}
		{C8C92839-1E6A-4ABA-8AAB-784EBED042AB} = {56CA5853-F603-4BE0-8AAC-7FA3E2DA4C2C}
		{7F738E15-C76D-4241-9FA6-ADAD2A13E9B9} = {56CA5853-F603-4BE0-8AAC-7FA3E2DA4C2C}
		{46C3DDE9-E32B-41ED-BB91-280F6D1BBF5B} = {56CA5853-F603-4BE0-8AAC-7FA3E2DA4C2C}
		{DDEDA6C1-61E2-41BF-A627-C033566CCEB5} = {56CA5853-F603-4BE0-8AAC-7FA3E2DA4C2C}
		{A8112592-4FB6-42E0-950C-8A4B1AA03C01} = {56CA5853-F603-4BE0-8AAC-7FA3E2DA4C2C}
		{31DA83D7-AEF3-4A9C-B4E3-9268301E44EE} = {6D2D2966-8148-424F-8D25-6F2139205D4A}
		{259D727A-DD41-4B21-84B8-13B1A67786EB} = {104D4476-86F8-45DE-B38F-9D1997557819}
		{ADA0FAA9-D7AD-4685-A331-D207534F3994} = {DEA8A0B3-C9C8-4503-B736-04C7057B4B33}
	EndGlobalSection
EndGlobal
